
Microsoft Visual Studio Solution File, Format Version 12.00
# Visual Studio 2013
VisualStudioVersion = 12.0.21005.1
MinimumVisualStudioVersion = 10.0.40219.1
Project("{FAE04EC0-301F-11D3-BF4B-00C04F79EFBC}") = "ICT4Reals", "UserInterface_Mockup_ICT4Reals\ICT4Reals.csproj", "{424D96DE-8FEB-4204-B5B2-5C7E64299078}"
EndProject
Project("{E24C65DC-7377-472B-9ABA-BC803B73C61A}") = "WebSite1(1)", "http://localhost:1627", "{A7B75663-46EC-4295-9376-329DAD14E882}"
	ProjectSection(WebsiteProperties) = preProject
		UseIISExpress = "true"
		TargetFrameworkMoniker = ".NETFramework,Version%3Dv4.5"
		Debug.AspNetCompiler.VirtualPath = "/localhost_1627"
		Debug.AspNetCompiler.PhysicalPath = "..\..\..\Documents\Visual Studio 2013\WebSites\WebSite1\"
		Debug.AspNetCompiler.TargetPath = "PrecompiledWeb\localhost_1627\"
		Debug.AspNetCompiler.Updateable = "true"
		Debug.AspNetCompiler.ForceOverwrite = "true"
		Debug.AspNetCompiler.FixedNames = "false"
		Debug.AspNetCompiler.Debug = "True"
		Release.AspNetCompiler.VirtualPath = "/localhost_1627"
		Release.AspNetCompiler.PhysicalPath = "..\..\..\Documents\Visual Studio 2013\WebSites\WebSite1\"
		Release.AspNetCompiler.TargetPath = "PrecompiledWeb\localhost_1627\"
		Release.AspNetCompiler.Updateable = "true"
		Release.AspNetCompiler.ForceOverwrite = "true"
		Release.AspNetCompiler.FixedNames = "false"
		Release.AspNetCompiler.Debug = "False"
		SlnRelativePath = "..\..\..\Documents\Visual Studio 2013\WebSites\WebSite1\"
		DefaultWebSiteLanguage = "Visual C#"
	EndProjectSection
EndProject
Global
	GlobalSection(SolutionConfigurationPlatforms) = preSolution
		Debug|Any CPU = Debug|Any CPU
		Release|Any CPU = Release|Any CPU
	EndGlobalSection
	GlobalSection(ProjectConfigurationPlatforms) = postSolution
		{424D96DE-8FEB-4204-B5B2-5C7E64299078}.Debug|Any CPU.ActiveCfg = Debug|Any CPU
		{424D96DE-8FEB-4204-B5B2-5C7E64299078}.Debug|Any CPU.Build.0 = Debug|Any CPU
		{424D96DE-8FEB-4204-B5B2-5C7E64299078}.Release|Any CPU.ActiveCfg = Release|Any CPU
		{424D96DE-8FEB-4204-B5B2-5C7E64299078}.Release|Any CPU.Build.0 = Release|Any CPU
		{A7B75663-46EC-4295-9376-329DAD14E882}.Debug|Any CPU.ActiveCfg = Debug|Any CPU
		{A7B75663-46EC-4295-9376-329DAD14E882}.Debug|Any CPU.Build.0 = Debug|Any CPU
		{A7B75663-46EC-4295-9376-329DAD14E882}.Release|Any CPU.ActiveCfg = Debug|Any CPU
		{A7B75663-46EC-4295-9376-329DAD14E882}.Release|Any CPU.Build.0 = Debug|Any CPU
	EndGlobalSection
	GlobalSection(SolutionProperties) = preSolution
		HideSolutionNode = FALSE
	EndGlobalSection
EndGlobal
